// !$*UTF8*$!
{
	archiveVersion = 1;
	classes = {
	};
	objectVersion = 77;
	objects = {

/* Begin PBXBuildFile section */
		881A3C9E2E6FC86900CE1BD2 /* FirebaseFirestore in Frameworks */ = {isa = PBXBuildFile; productRef = 881A3C9D2E6FC86900CE1BD2 /* FirebaseFirestore */; };
		881A3CA02E6FCC9000CE1BD2 /* Brand.swift in Sources */ = {isa = PBXBuildFile; fileRef = 881A3C9F2E6FCC9000CE1BD2 /* Brand.swift */; };
		881A3CA82E6FE49D00CE1BD2 /* SharedSetupFlow.swift in Sources */ = {isa = PBXBuildFile; fileRef = 881A3CA72E6FE49D00CE1BD2 /* SharedSetupFlow.swift */; };
		881A3CC02E70185000CE1BD2 /* WhisprHomeView.swift in Sources */ = {isa = PBXBuildFile; fileRef = 881A3CBF2E70185000CE1BD2 /* WhisprHomeView.swift */; };
		88702FB92E6EB3A3003D5061 /* FirebaseAuth in Frameworks */ = {isa = PBXBuildFile; productRef = 88702FB82E6EB3A3003D5061 /* FirebaseAuth */; };
		88A771392E72886E0024A9D5 /* ManagedSettings.framework in Frameworks */ = {isa = PBXBuildFile; fileRef = 88A771382E72886E0024A9D5 /* ManagedSettings.framework */; };
		88A771412E72886E0024A9D5 /* shieldwhistl.appex in Embed Foundation Extensions */ = {isa = PBXBuildFile; fileRef = 88A771362E72886D0024A9D5 /* shieldwhistl.appex */; settings = {ATTRIBUTES = (RemoveHeadersOnCopy, ); }; };
		88F430BF2E728B8F00596C4E /* SharedSetupFlow.swift in Sources */ = {isa = PBXBuildFile; fileRef = 881A3CA72E6FE49D00CE1BD2 /* SharedSetupFlow.swift */; };
		88F430C02E728B9400596C4E /* WhisprHomeView.swift in Sources */ = {isa = PBXBuildFile; fileRef = 881A3CBF2E70185000CE1BD2 /* WhisprHomeView.swift */; };
		88F430C12E728B9900596C4E /* Brand.swift in Sources */ = {isa = PBXBuildFile; fileRef = 881A3C9F2E6FCC9000CE1BD2 /* Brand.swift */; };
		88F430CF2E728C5800596C4E /* FirebaseAuth in Frameworks */ = {isa = PBXBuildFile; productRef = 88F430CE2E728C5800596C4E /* FirebaseAuth */; };
		88F430D12E728C6A00596C4E /* FirebaseCore in Frameworks */ = {isa = PBXBuildFile; productRef = 88F430D02E728C6A00596C4E /* FirebaseCore */; };
		88F430D32E728C7400596C4E /* FirebaseFirestore in Frameworks */ = {isa = PBXBuildFile; productRef = 88F430D22E728C7400596C4E /* FirebaseFirestore */; };
/* End PBXBuildFile section */

/* Begin PBXContainerItemProxy section */
		88A7713F2E72886E0024A9D5 /* PBXContainerItemProxy */ = {
			isa = PBXContainerItemProxy;
			containerPortal = 88702F9F2E6EB154003D5061 /* Project object */;
			proxyType = 1;
			remoteGlobalIDString = 88A771352E72886D0024A9D5;
			remoteInfo = shieldwhistl;
		};
/* End PBXContainerItemProxy section */

/* Begin PBXCopyFilesBuildPhase section */
		88A771462E72886E0024A9D5 /* Embed Foundation Extensions */ = {
			isa = PBXCopyFilesBuildPhase;
			buildActionMask = 2147483647;
			dstPath = "";
			dstSubfolderSpec = 13;
			files = (
				88A771412E72886E0024A9D5 /* shieldwhistl.appex in Embed Foundation Extensions */,
			);
			name = "Embed Foundation Extensions";
			runOnlyForDeploymentPostprocessing = 0;
		};
/* End PBXCopyFilesBuildPhase section */

/* Begin PBXFileReference section */
		881A3C9F2E6FCC9000CE1BD2 /* Brand.swift */ = {isa = PBXFileReference; lastKnownFileType = sourcecode.swift; path = Brand.swift; sourceTree = "<group>"; };
		881A3CA72E6FE49D00CE1BD2 /* SharedSetupFlow.swift */ = {isa = PBXFileReference; lastKnownFileType = sourcecode.swift; path = SharedSetupFlow.swift; sourceTree = "<group>"; };
		881A3CBF2E70185000CE1BD2 /* WhisprHomeView.swift */ = {isa = PBXFileReference; lastKnownFileType = sourcecode.swift; path = WhisprHomeView.swift; sourceTree = "<group>"; };
		88702FA72E6EB154003D5061 /* whistl.app */ = {isa = PBXFileReference; explicitFileType = wrapper.application; includeInIndex = 0; path = whistl.app; sourceTree = BUILT_PRODUCTS_DIR; };
		88A771362E72886D0024A9D5 /* shieldwhistl.appex */ = {isa = PBXFileReference; explicitFileType = "wrapper.app-extension"; includeInIndex = 0; path = shieldwhistl.appex; sourceTree = BUILT_PRODUCTS_DIR; };
		88A771382E72886E0024A9D5 /* ManagedSettings.framework */ = {isa = PBXFileReference; lastKnownFileType = wrapper.framework; name = ManagedSettings.framework; path = System/Library/Frameworks/ManagedSettings.framework; sourceTree = SDKROOT; };
/* End PBXFileReference section */

/* Begin PBXFileSystemSynchronizedBuildFileExceptionSet section */
		88A771422E72886E0024A9D5 /* Exceptions for "shieldwhistl" folder in "shieldwhistl" target */ = {
			isa = PBXFileSystemSynchronizedBuildFileExceptionSet;
			membershipExceptions = (
				Info.plist,
			);
			target = 88A771352E72886D0024A9D5 /* shieldwhistl */;
		};
		88F430BE2E728B1700596C4E /* Exceptions for "whistl" folder in "shieldwhistl" target */ = {
			isa = PBXFileSystemSynchronizedBuildFileExceptionSet;
			membershipExceptions = (
				AppController.swift,
				AppDelegate.swift,
				Authview.swift,
				ContentView.swift,
				FocusMenuView.swift,
				FocusScheduleViewModel.swift,
				PairingViews.swift,
				ProfileView.swift,
				SharedConfig.swift,
				SignUpView.swift,
				WelcomeView.swift,
				whistlApp.swift,
			);
			target = 88A771352E72886D0024A9D5 /* shieldwhistl */;
		};
		88F430CA2E728BCB00596C4E /* Exceptions for "shieldwhistl" folder in "whistl" target */ = {
			isa = PBXFileSystemSynchronizedBuildFileExceptionSet;
			membershipExceptions = (
				ShieldActionExtension.swift,
			);
			target = 88702FA62E6EB154003D5061 /* whistl */;
		};
/* End PBXFileSystemSynchronizedBuildFileExceptionSet section */

/* Begin PBXFileSystemSynchronizedRootGroup section */
		88702FA92E6EB154003D5061 /* whistl */ = {
			isa = PBXFileSystemSynchronizedRootGroup;
			exceptions = (
				88F430BE2E728B1700596C4E /* Exceptions for "whistl" folder in "shieldwhistl" target */,
			);
			path = whistl;
			sourceTree = "<group>";
		};
		88A7713A2E72886E0024A9D5 /* shieldwhistl */ = {
			isa = PBXFileSystemSynchronizedRootGroup;
			exceptions = (
				88F430CA2E728BCB00596C4E /* Exceptions for "shieldwhistl" folder in "whistl" target */,
				88A771422E72886E0024A9D5 /* Exceptions for "shieldwhistl" folder in "shieldwhistl" target */,
			);
			path = shieldwhistl;
			sourceTree = "<group>";
		};
/* End PBXFileSystemSynchronizedRootGroup section */

/* Begin PBXFrameworksBuildPhase section */
		88702FA42E6EB154003D5061 /* Frameworks */ = {
			isa = PBXFrameworksBuildPhase;
			buildActionMask = 2147483647;
			files = (
				88702FB92E6EB3A3003D5061 /* FirebaseAuth in Frameworks */,
				881A3C9E2E6FC86900CE1BD2 /* FirebaseFirestore in Frameworks */,
			);
			runOnlyForDeploymentPostprocessing = 0;
		};
		88A771332E72886D0024A9D5 /* Frameworks */ = {
			isa = PBXFrameworksBuildPhase;
			buildActionMask = 2147483647;
			files = (
				88A771392E72886E0024A9D5 /* ManagedSettings.framework in Frameworks */,
				88F430D32E728C7400596C4E /* FirebaseFirestore in Frameworks */,
				88F430D12E728C6A00596C4E /* FirebaseCore in Frameworks */,
				88F430CF2E728C5800596C4E /* FirebaseAuth in Frameworks */,
			);
			runOnlyForDeploymentPostprocessing = 0;
		};
/* End PBXFrameworksBuildPhase section */

/* Begin PBXGroup section */
		88702F9E2E6EB154003D5061 = {
			isa = PBXGroup;
			children = (
				88702FA92E6EB154003D5061 /* whistl */,
				88A7713A2E72886E0024A9D5 /* shieldwhistl */,
				88A771372E72886E0024A9D5 /* Frameworks */,
				88702FA82E6EB154003D5061 /* Products */,
				881A3C9F2E6FCC9000CE1BD2 /* Brand.swift */,
				881A3CA72E6FE49D00CE1BD2 /* SharedSetupFlow.swift */,
				881A3CBF2E70185000CE1BD2 /* WhisprHomeView.swift */,
			);
			sourceTree = "<group>";
		};
		88702FA82E6EB154003D5061 /* Products */ = {
			isa = PBXGroup;
			children = (
				88702FA72E6EB154003D5061 /* whistl.app */,
				88A771362E72886D0024A9D5 /* shieldwhistl.appex */,
			);
			name = Products;
			sourceTree = "<group>";
		};
		88A771372E72886E0024A9D5 /* Frameworks */ = {
			isa = PBXGroup;
			children = (
				88A771382E72886E0024A9D5 /* ManagedSettings.framework */,
			);
			name = Frameworks;
			sourceTree = "<group>";
		};
/* End PBXGroup section */

/* Begin PBXNativeTarget section */
		88702FA62E6EB154003D5061 /* whistl */ = {
			isa = PBXNativeTarget;
			buildConfigurationList = 88702FB22E6EB156003D5061 /* Build configuration list for PBXNativeTarget "whistl" */;
			buildPhases = (
				88702FA32E6EB154003D5061 /* Sources */,
				88702FA42E6EB154003D5061 /* Frameworks */,
				88702FA52E6EB154003D5061 /* Resources */,
				88A771462E72886E0024A9D5 /* Embed Foundation Extensions */,
			);
			buildRules = (
			);
			dependencies = (
				88A771402E72886E0024A9D5 /* PBXTargetDependency */,
			);
			fileSystemSynchronizedGroups = (
				88702FA92E6EB154003D5061 /* whistl */,
			);
			name = whistl;
			packageProductDependencies = (
				88702FB82E6EB3A3003D5061 /* FirebaseAuth */,
				881A3C9D2E6FC86900CE1BD2 /* FirebaseFirestore */,
			);
			productName = whistl;
			productReference = 88702FA72E6EB154003D5061 /* whistl.app */;
			productType = "com.apple.product-type.application";
		};
		88A771352E72886D0024A9D5 /* shieldwhistl */ = {
			isa = PBXNativeTarget;
			buildConfigurationList = 88A771432E72886E0024A9D5 /* Build configuration list for PBXNativeTarget "shieldwhistl" */;
			buildPhases = (
				88A771322E72886D0024A9D5 /* Sources */,
				88A771332E72886D0024A9D5 /* Frameworks */,
				88A771342E72886D0024A9D5 /* Resources */,
			);
			buildRules = (
			);
			dependencies = (
			);
			fileSystemSynchronizedGroups = (
				88A7713A2E72886E0024A9D5 /* shieldwhistl */,
			);
			name = shieldwhistl;
			packageProductDependencies = (
				88F430CE2E728C5800596C4E /* FirebaseAuth */,
				88F430D02E728C6A00596C4E /* FirebaseCore */,
				88F430D22E728C7400596C4E /* FirebaseFirestore */,
			);
			productName = shieldwhistl;
			productReference = 88A771362E72886D0024A9D5 /* shieldwhistl.appex */;
			productType = "com.apple.product-type.app-extension";
		};
/* End PBXNativeTarget section */

/* Begin PBXProject section */
		88702F9F2E6EB154003D5061 /* Project object */ = {
			isa = PBXProject;
			attributes = {
				BuildIndependentTargetsInParallel = 1;
				LastSwiftUpdateCheck = 2600;
				LastUpgradeCheck = 2600;
				TargetAttributes = {
					88702FA62E6EB154003D5061 = {
						CreatedOnToolsVersion = 16.4;
					};
					88A771352E72886D0024A9D5 = {
						CreatedOnToolsVersion = 26.0;
					};
				};
			};
			buildConfigurationList = 88702FA22E6EB154003D5061 /* Build configuration list for PBXProject "whistl" */;
			developmentRegion = en;
			hasScannedForEncodings = 0;
			knownRegions = (
				en,
				Base,
			);
			mainGroup = 88702F9E2E6EB154003D5061;
			minimizedProjectReferenceProxies = 1;
			packageReferences = (
				88702FB72E6EB3A3003D5061 /* XCRemoteSwiftPackageReference "firebase-ios-sdk" */,
			);
			preferredProjectObjectVersion = 77;
			productRefGroup = 88702FA82E6EB154003D5061 /* Products */;
			projectDirPath = "";
			projectRoot = "";
			targets = (
				88702FA62E6EB154003D5061 /* whistl */,
				88A771352E72886D0024A9D5 /* shieldwhistl */,
			);
		};
/* End PBXProject section */

/* Begin PBXResourcesBuildPhase section */
		88702FA52E6EB154003D5061 /* Resources */ = {
			isa = PBXResourcesBuildPhase;
			buildActionMask = 2147483647;
			files = (
			);
			runOnlyForDeploymentPostprocessing = 0;
		};
		88A771342E72886D0024A9D5 /* Resources */ = {
			isa = PBXResourcesBuildPhase;
			buildActionMask = 2147483647;
			files = (
			);
			runOnlyForDeploymentPostprocessing = 0;
		};
/* End PBXResourcesBuildPhase section */

/* Begin PBXSourcesBuildPhase section */
		88702FA32E6EB154003D5061 /* Sources */ = {
			isa = PBXSourcesBuildPhase;
			buildActionMask = 2147483647;
			files = (
				881A3CC02E70185000CE1BD2 /* WhisprHomeView.swift in Sources */,
				881A3CA02E6FCC9000CE1BD2 /* Brand.swift in Sources */,
				881A3CA82E6FE49D00CE1BD2 /* SharedSetupFlow.swift in Sources */,
			);
			runOnlyForDeploymentPostprocessing = 0;
		};
		88A771322E72886D0024A9D5 /* Sources */ = {
			isa = PBXSourcesBuildPhase;
			buildActionMask = 2147483647;
			files = (
				88F430C02E728B9400596C4E /* WhisprHomeView.swift in Sources */,
				88F430BF2E728B8F00596C4E /* SharedSetupFlow.swift in Sources */,
				88F430C12E728B9900596C4E /* Brand.swift in Sources */,
			);
			runOnlyForDeploymentPostprocessing = 0;
		};
/* End PBXSourcesBuildPhase section */

/* Begin PBXTargetDependency section */
		88A771402E72886E0024A9D5 /* PBXTargetDependency */ = {
			isa = PBXTargetDependency;
			target = 88A771352E72886D0024A9D5 /* shieldwhistl */;
			targetProxy = 88A7713F2E72886E0024A9D5 /* PBXContainerItemProxy */;
		};
/* End PBXTargetDependency section */

/* Begin XCBuildConfiguration section */
		88702FB02E6EB156003D5061 /* Debug */ = {
			isa = XCBuildConfiguration;
			buildSettings = {
				ALWAYS_SEARCH_USER_PATHS = NO;
				ASSETCATALOG_COMPILER_GENERATE_SWIFT_ASSET_SYMBOL_EXTENSIONS = YES;
				CLANG_ANALYZER_NONNULL = YES;
				CLANG_ANALYZER_NUMBER_OBJECT_CONVERSION = YES_AGGRESSIVE;
				CLANG_CXX_LANGUAGE_STANDARD = "gnu++20";
				CLANG_ENABLE_MODULES = YES;
				CLANG_ENABLE_OBJC_ARC = YES;
				CLANG_ENABLE_OBJC_WEAK = YES;
				CLANG_WARN_BLOCK_CAPTURE_AUTORELEASING = YES;
				CLANG_WARN_BOOL_CONVERSION = YES;
				CLANG_WARN_COMMA = YES;
				CLANG_WARN_CONSTANT_CONVERSION = YES;
				CLANG_WARN_DEPRECATED_OBJC_IMPLEMENTATIONS = YES;
				CLANG_WARN_DIRECT_OBJC_ISA_USAGE = YES_ERROR;
				CLANG_WARN_DOCUMENTATION_COMMENTS = YES;
				CLANG_WARN_EMPTY_BODY = YES;
				CLANG_WARN_ENUM_CONVERSION = YES;
				CLANG_WARN_INFINITE_RECURSION = YES;
				CLANG_WARN_INT_CONVERSION = YES;
				CLANG_WARN_NON_LITERAL_NULL_CONVERSION = YES;
				CLANG_WARN_OBJC_IMPLICIT_RETAIN_SELF = YES;
				CLANG_WARN_OBJC_LITERAL_CONVERSION = YES;
				CLANG_WARN_OBJC_ROOT_CLASS = YES_ERROR;
				CLANG_WARN_QUOTED_INCLUDE_IN_FRAMEWORK_HEADER = YES;
				CLANG_WARN_RANGE_LOOP_ANALYSIS = YES;
				CLANG_WARN_STRICT_PROTOTYPES = YES;
				CLANG_WARN_SUSPICIOUS_MOVE = YES;
				CLANG_WARN_UNGUARDED_AVAILABILITY = YES_AGGRESSIVE;
				CLANG_WARN_UNREACHABLE_CODE = YES;
				CLANG_WARN__DUPLICATE_METHOD_MATCH = YES;
				COPY_PHASE_STRIP = NO;
				DEBUG_INFORMATION_FORMAT = dwarf;
				DEVELOPMENT_TEAM = 46Z27T627W;
				ENABLE_STRICT_OBJC_MSGSEND = YES;
				ENABLE_TESTABILITY = YES;
				ENABLE_USER_SCRIPT_SANDBOXING = YES;
				GCC_C_LANGUAGE_STANDARD = gnu17;
				GCC_DYNAMIC_NO_PIC = NO;
				GCC_NO_COMMON_BLOCKS = YES;
				GCC_OPTIMIZATION_LEVEL = 0;
				GCC_PREPROCESSOR_DEFINITIONS = (
					"DEBUG=1",
					"$(inherited)",
				);
				GCC_WARN_64_TO_32_BIT_CONVERSION = YES;
				GCC_WARN_ABOUT_RETURN_TYPE = YES_ERROR;
				GCC_WARN_UNDECLARED_SELECTOR = YES;
				GCC_WARN_UNINITIALIZED_AUTOS = YES_AGGRESSIVE;
				GCC_WARN_UNUSED_FUNCTION = YES;
				GCC_WARN_UNUSED_VARIABLE = YES;
				IPHONEOS_DEPLOYMENT_TARGET = 18.5;
				LOCALIZATION_PREFERS_STRING_CATALOGS = YES;
				MTL_ENABLE_DEBUG_INFO = INCLUDE_SOURCE;
				MTL_FAST_MATH = YES;
				ONLY_ACTIVE_ARCH = YES;
				SDKROOT = iphoneos;
				STRING_CATALOG_GENERATE_SYMBOLS = YES;
				SWIFT_ACTIVE_COMPILATION_CONDITIONS = "DEBUG $(inherited)";
				SWIFT_OPTIMIZATION_LEVEL = "-Onone";
			};
			name = Debug;
		};
		88702FB12E6EB156003D5061 /* Release */ = {
			isa = XCBuildConfiguration;
			buildSettings = {
				ALWAYS_SEARCH_USER_PATHS = NO;
				ASSETCATALOG_COMPILER_GENERATE_SWIFT_ASSET_SYMBOL_EXTENSIONS = YES;
				CLANG_ANALYZER_NONNULL = YES;
				CLANG_ANALYZER_NUMBER_OBJECT_CONVERSION = YES_AGGRESSIVE;
				CLANG_CXX_LANGUAGE_STANDARD = "gnu++20";
				CLANG_ENABLE_MODULES = YES;
				CLANG_ENABLE_OBJC_ARC = YES;
				CLANG_ENABLE_OBJC_WEAK = YES;
				CLANG_WARN_BLOCK_CAPTURE_AUTORELEASING = YES;
				CLANG_WARN_BOOL_CONVERSION = YES;
				CLANG_WARN_COMMA = YES;
				CLANG_WARN_CONSTANT_CONVERSION = YES;
				CLANG_WARN_DEPRECATED_OBJC_IMPLEMENTATIONS = YES;
				CLANG_WARN_DIRECT_OBJC_ISA_USAGE = YES_ERROR;
				CLANG_WARN_DOCUMENTATION_COMMENTS = YES;
				CLANG_WARN_EMPTY_BODY = YES;
				CLANG_WARN_ENUM_CONVERSION = YES;
				CLANG_WARN_INFINITE_RECURSION = YES;
				CLANG_WARN_INT_CONVERSION = YES;
				CLANG_WARN_NON_LITERAL_NULL_CONVERSION = YES;
				CLANG_WARN_OBJC_IMPLICIT_RETAIN_SELF = YES;
				CLANG_WARN_OBJC_LITERAL_CONVERSION = YES;
				CLANG_WARN_OBJC_ROOT_CLASS = YES_ERROR;
				CLANG_WARN_QUOTED_INCLUDE_IN_FRAMEWORK_HEADER = YES;
				CLANG_WARN_RANGE_LOOP_ANALYSIS = YES;
				CLANG_WARN_STRICT_PROTOTYPES = YES;
				CLANG_WARN_SUSPICIOUS_MOVE = YES;
				CLANG_WARN_UNGUARDED_AVAILABILITY = YES_AGGRESSIVE;
				CLANG_WARN_UNREACHABLE_CODE = YES;
				CLANG_WARN__DUPLICATE_METHOD_MATCH = YES;
				COPY_PHASE_STRIP = NO;
				DEBUG_INFORMATION_FORMAT = "dwarf-with-dsym";
				DEVELOPMENT_TEAM = 46Z27T627W;
				ENABLE_NS_ASSERTIONS = NO;
				ENABLE_STRICT_OBJC_MSGSEND = YES;
				ENABLE_USER_SCRIPT_SANDBOXING = YES;
				GCC_C_LANGUAGE_STANDARD = gnu17;
				GCC_NO_COMMON_BLOCKS = YES;
				GCC_WARN_64_TO_32_BIT_CONVERSION = YES;
				GCC_WARN_ABOUT_RETURN_TYPE = YES_ERROR;
				GCC_WARN_UNDECLARED_SELECTOR = YES;
				GCC_WARN_UNINITIALIZED_AUTOS = YES_AGGRESSIVE;
				GCC_WARN_UNUSED_FUNCTION = YES;
				GCC_WARN_UNUSED_VARIABLE = YES;
				IPHONEOS_DEPLOYMENT_TARGET = 18.5;
				LOCALIZATION_PREFERS_STRING_CATALOGS = YES;
				MTL_ENABLE_DEBUG_INFO = NO;
				MTL_FAST_MATH = YES;
				SDKROOT = iphoneos;
				STRING_CATALOG_GENERATE_SYMBOLS = YES;
				SWIFT_COMPILATION_MODE = wholemodule;
				VALIDATE_PRODUCT = YES;
			};
			name = Release;
		};
		88702FB32E6EB156003D5061 /* Debug */ = {
			isa = XCBuildConfiguration;
			buildSettings = {
				ASSETCATALOG_COMPILER_APPICON_NAME = AppIcon;
				ASSETCATALOG_COMPILER_GLOBAL_ACCENT_COLOR_NAME = AccentColor;
				CODE_SIGN_ENTITLEMENTS = whistl/whistl.entitlements;
				CODE_SIGN_STYLE = Automatic;
				CURRENT_PROJECT_VERSION = 1;
				DEVELOPMENT_TEAM = 46Z27T627W;
				ENABLE_PREVIEWS = YES;
				GENERATE_INFOPLIST_FILE = YES;
				INFOPLIST_KEY_UIApplicationSceneManifest_Generation = YES;
				INFOPLIST_KEY_UIApplicationSupportsIndirectInputEvents = YES;
				INFOPLIST_KEY_UILaunchScreen_Generation = YES;
				INFOPLIST_KEY_UISupportedInterfaceOrientations_iPad = "UIInterfaceOrientationPortrait UIInterfaceOrientationPortraitUpsideDown UIInterfaceOrientationLandscapeLeft UIInterfaceOrientationLandscapeRight";
				INFOPLIST_KEY_UISupportedInterfaceOrientations_iPhone = "UIInterfaceOrientationPortrait UIInterfaceOrientationLandscapeLeft UIInterfaceOrientationLandscapeRight";
				IPHONEOS_DEPLOYMENT_TARGET = 18.6.2;
				LD_RUNPATH_SEARCH_PATHS = (
					"$(inherited)",
					"@executable_path/Frameworks",
				);
				MARKETING_VERSION = 1.0;
				PRODUCT_BUNDLE_IDENTIFIER = com.whistl.whistl;
				PRODUCT_NAME = "$(TARGET_NAME)";
				SWIFT_EMIT_LOC_STRINGS = YES;
				SWIFT_VERSION = 5.0;
				TARGETED_DEVICE_FAMILY = "1,2";
			};
			name = Debug;
		};
		88702FB42E6EB156003D5061 /* Release */ = {
			isa = XCBuildConfiguration;
			buildSettings = {
				ASSETCATALOG_COMPILER_APPICON_NAME = AppIcon;
				ASSETCATALOG_COMPILER_GLOBAL_ACCENT_COLOR_NAME = AccentColor;
				CODE_SIGN_ENTITLEMENTS = whistl/whistl.entitlements;
				CODE_SIGN_STYLE = Automatic;
				CURRENT_PROJECT_VERSION = 1;
				DEVELOPMENT_TEAM = 46Z27T627W;
				ENABLE_PREVIEWS = YES;
				GENERATE_INFOPLIST_FILE = YES;
				INFOPLIST_KEY_UIApplicationSceneManifest_Generation = YES;
				INFOPLIST_KEY_UIApplicationSupportsIndirectInputEvents = YES;
				INFOPLIST_KEY_UILaunchScreen_Generation = YES;
				INFOPLIST_KEY_UISupportedInterfaceOrientations_iPad = "UIInterfaceOrientationPortrait UIInterfaceOrientationPortraitUpsideDown UIInterfaceOrientationLandscapeLeft UIInterfaceOrientationLandscapeRight";
				INFOPLIST_KEY_UISupportedInterfaceOrientations_iPhone = "UIInterfaceOrientationPortrait UIInterfaceOrientationLandscapeLeft UIInterfaceOrientationLandscapeRight";
				IPHONEOS_DEPLOYMENT_TARGET = 18.6.2;
				LD_RUNPATH_SEARCH_PATHS = (
					"$(inherited)",
					"@executable_path/Frameworks",
				);
				MARKETING_VERSION = 1.0;
				PRODUCT_BUNDLE_IDENTIFIER = com.whistl.whistl;
				PRODUCT_NAME = "$(TARGET_NAME)";
				SWIFT_EMIT_LOC_STRINGS = YES;
				SWIFT_VERSION = 5.0;
				TARGETED_DEVICE_FAMILY = "1,2";
			};
			name = Release;
		};
		88A771442E72886E0024A9D5 /* Debug */ = {
			isa = XCBuildConfiguration;
			buildSettings = {
				CODE_SIGN_ENTITLEMENTS = shieldwhistl/shieldwhistl.entitlements;
				CODE_SIGN_STYLE = Automatic;
				CURRENT_PROJECT_VERSION = 1;
				DEVELOPMENT_TEAM = 46Z27T627W;
				GENERATE_INFOPLIST_FILE = YES;
				INFOPLIST_FILE = shieldwhistl/Info.plist;
				INFOPLIST_KEY_CFBundleDisplayName = shieldwhistl;
				INFOPLIST_KEY_NSHumanReadableCopyright = "";
				IPHONEOS_DEPLOYMENT_TARGET = 26.0;
				LD_RUNPATH_SEARCH_PATHS = (
					"$(inherited)",
					"@executable_path/Frameworks",
					"@executable_path/../../Frameworks",
				);
				MARKETING_VERSION = 1.0;
				PRODUCT_BUNDLE_IDENTIFIER = com.whistl.whistl.shieldwhistl;
				PRODUCT_NAME = "$(TARGET_NAME)";
				SKIP_INSTALL = YES;
				STRING_CATALOG_GENERATE_SYMBOLS = YES;
				SWIFT_APPROACHABLE_CONCURRENCY = YES;
				SWIFT_EMIT_LOC_STRINGS = YES;
				SWIFT_UPCOMING_FEATURE_MEMBER_IMPORT_VISIBILITY = YES;
				SWIFT_VERSION = 5.0;
				TARGETED_DEVICE_FAMILY = "1,2";
			};
			name = Debug;
		};
		88A771452E72886E0024A9D5 /* Release */ = {
			isa = XCBuildConfiguration;
			buildSettings = {
				CODE_SIGN_ENTITLEMENTS = shieldwhistl/shieldwhistl.entitlements;
				CODE_SIGN_STYLE = Automatic;
				CURRENT_PROJECT_VERSION = 1;
				DEVELOPMENT_TEAM = 46Z27T627W;
				GENERATE_INFOPLIST_FILE = YES;
				INFOPLIST_FILE = shieldwhistl/Info.plist;
				INFOPLIST_KEY_CFBundleDisplayName = shieldwhistl;
				INFOPLIST_KEY_NSHumanReadableCopyright = "";
				IPHONEOS_DEPLOYMENT_TARGET = 26.0;
				LD_RUNPATH_SEARCH_PATHS = (
					"$(inherited)",
					"@executable_path/Frameworks",
					"@executable_path/../../Frameworks",
				);
				MARKETING_VERSION = 1.0;
				PRODUCT_BUNDLE_IDENTIFIER = com.whistl.whistl.shieldwhistl;
				PRODUCT_NAME = "$(TARGET_NAME)";
				SKIP_INSTALL = YES;
				STRING_CATALOG_GENERATE_SYMBOLS = YES;
				SWIFT_APPROACHABLE_CONCURRENCY = YES;
				SWIFT_EMIT_LOC_STRINGS = YES;
				SWIFT_UPCOMING_FEATURE_MEMBER_IMPORT_VISIBILITY = YES;
				SWIFT_VERSION = 5.0;
				TARGETED_DEVICE_FAMILY = "1,2";
			};
			name = Release;
		};
/* End XCBuildConfiguration section */

/* Begin XCConfigurationList section */
		88702FA22E6EB154003D5061 /* Build configuration list for PBXProject "whistl" */ = {
			isa = XCConfigurationList;
			buildConfigurations = (
				88702FB02E6EB156003D5061 /* Debug */,
				88702FB12E6EB156003D5061 /* Release */,
			);
			defaultConfigurationIsVisible = 0;
			defaultConfigurationName = Release;
		};
		88702FB22E6EB156003D5061 /* Build configuration list for PBXNativeTarget "whistl" */ = {
			isa = XCConfigurationList;
			buildConfigurations = (
				88702FB32E6EB156003D5061 /* Debug */,
				88702FB42E6EB156003D5061 /* Release */,
			);
			defaultConfigurationIsVisible = 0;
			defaultConfigurationName = Release;
		};
		88A771432E72886E0024A9D5 /* Build configuration list for PBXNativeTarget "shieldwhistl" */ = {
			isa = XCConfigurationList;
			buildConfigurations = (
				88A771442E72886E0024A9D5 /* Debug */,
				88A771452E72886E0024A9D5 /* Release */,
			);
			defaultConfigurationIsVisible = 0;
			defaultConfigurationName = Release;
		};
/* End XCConfigurationList section */

/* Begin XCRemoteSwiftPackageReference section */
		88702FB72E6EB3A3003D5061 /* XCRemoteSwiftPackageReference "firebase-ios-sdk" */ = {
			isa = XCRemoteSwiftPackageReference;
			repositoryURL = "https://github.com/firebase/firebase-ios-sdk";
			requirement = {
				kind = upToNextMajorVersion;
				minimumVersion = 12.2.0;
			};
		};
/* End XCRemoteSwiftPackageReference section */

/* Begin XCSwiftPackageProductDependency section */
		881A3C9D2E6FC86900CE1BD2 /* FirebaseFirestore */ = {
			isa = XCSwiftPackageProductDependency;
			package = 88702FB72E6EB3A3003D5061 /* XCRemoteSwiftPackageReference "firebase-ios-sdk" */;
			productName = FirebaseFirestore;
		};
		88702FB82E6EB3A3003D5061 /* FirebaseAuth */ = {
			isa = XCSwiftPackageProductDependency;
			package = 88702FB72E6EB3A3003D5061 /* XCRemoteSwiftPackageReference "firebase-ios-sdk" */;
			productName = FirebaseAuth;
		};
		88F430CE2E728C5800596C4E /* FirebaseAuth */ = {
			isa = XCSwiftPackageProductDependency;
			package = 88702FB72E6EB3A3003D5061 /* XCRemoteSwiftPackageReference "firebase-ios-sdk" */;
			productName = FirebaseAuth;
		};
		88F430D02E728C6A00596C4E /* FirebaseCore */ = {
			isa = XCSwiftPackageProductDependency;
			package = 88702FB72E6EB3A3003D5061 /* XCRemoteSwiftPackageReference "firebase-ios-sdk" */;
			productName = FirebaseCore;
		};
		88F430D22E728C7400596C4E /* FirebaseFirestore */ = {
			isa = XCSwiftPackageProductDependency;
			package = 88702FB72E6EB3A3003D5061 /* XCRemoteSwiftPackageReference "firebase-ios-sdk" */;
			productName = FirebaseFirestore;
		};
/* End XCSwiftPackageProductDependency section */
	};
	rootObject = 88702F9F2E6EB154003D5061 /* Project object */;
}
